
Microsoft Visual Studio Solution File, Format Version 12.00
# Visual Studio 15
VisualStudioVersion = 15.0.27703.2026
MinimumVisualStudioVersion = 10.0.40219.1
Project("{FAE04EC0-301F-11D3-BF4B-00C04F79EFBC}") = "ExamenSegundoParcial", "ExamenSegundoParcial\ExamenSegundoParcial.csproj", "{644A73B6-EF17-46F3-8E04-63DBECE61362}"
EndProject
Global
	GlobalSection(SolutionConfigurationPlatforms) = preSolution
		Debug|Any CPU = Debug|Any CPU
		Release|Any CPU = Release|Any CPU
	EndGlobalSection
	GlobalSection(ProjectConfigurationPlatforms) = postSolution
		{644A73B6-EF17-46F3-8E04-63DBECE61362}.Debug|Any CPU.ActiveCfg = Debug|Any CPU
		{644A73B6-EF17-46F3-8E04-63DBECE61362}.Debug|Any CPU.Build.0 = Debug|Any CPU
		{644A73B6-EF17-46F3-8E04-63DBECE61362}.Release|Any CPU.ActiveCfg = Release|Any CPU
		{644A73B6-EF17-46F3-8E04-63DBECE61362}.Release|Any CPU.Build.0 = Release|Any CPU
	EndGlobalSection
	GlobalSection(SolutionProperties) = preSolution
		HideSolutionNode = FALSE
	EndGlobalSection
	GlobalSection(ExtensibilityGlobals) = postSolution
		SolutionGuid = {EB59FC4E-EF3B-4CF2-9321-03F041136B4A}
	EndGlobalSection
EndGlobal
